
Microsoft Visual Studio Solution File, Format Version 12.00
# Visual Studio Version 17
VisualStudioVersion = 17.14.36327.8
MinimumVisualStudioVersion = 10.0.40219.1
Project("{FAE04EC0-301F-11D3-BF4B-00C04F79EFBC}") = "InterCom-core", "InterCom-core.csproj", "{DBAEF81E-04A4-40ED-ADB7-33EC0F7B58A7}"
EndProject
Global
	GlobalSection(SolutionConfigurationPlatforms) = preSolution
		Debug|Any CPU = Debug|Any CPU
		Release|Any CPU = Release|Any CPU
	EndGlobalSection
	GlobalSection(ProjectConfigurationPlatforms) = postSolution
		{DBAEF81E-04A4-40ED-ADB7-33EC0F7B58A7}.Debug|Any CPU.ActiveCfg = Debug|Any CPU
		{DBAEF81E-04A4-40ED-ADB7-33EC0F7B58A7}.Debug|Any CPU.Build.0 = Debug|Any CPU
		{DBAEF81E-04A4-40ED-ADB7-33EC0F7B58A7}.Release|Any CPU.ActiveCfg = Release|Any CPU
		{DBAEF81E-04A4-40ED-ADB7-33EC0F7B58A7}.Release|Any CPU.Build.0 = Release|Any CPU
	EndGlobalSection
	GlobalSection(SolutionProperties) = preSolution
		HideSolutionNode = FALSE
	EndGlobalSection
	GlobalSection(ExtensibilityGlobals) = postSolution
		SolutionGuid = {59F1D9D9-6745-4C9F-BB55-325F90090914}
	EndGlobalSection
EndGlobal
